
Microsoft Visual Studio Solution File, Format Version 12.00
# Visual Studio Version 17
VisualStudioVersion = 17.9.34701.34
MinimumVisualStudioVersion = 10.0.40219.1
Project("{FAE04EC0-301F-11D3-BF4B-00C04F79EFBC}") = "ConsoleApp1", "ConsoleApp1.csproj", "{1C3CA6C9-29C5-4797-BB5D-ADA607E8B87C}"
EndProject
Global
	GlobalSection(SolutionConfigurationPlatforms) = preSolution
		Debug|Any CPU = Debug|Any CPU
		Release|Any CPU = Release|Any CPU
	EndGlobalSection
	GlobalSection(ProjectConfigurationPlatforms) = postSolution
		{1C3CA6C9-29C5-4797-BB5D-ADA607E8B87C}.Debug|Any CPU.ActiveCfg = Debug|Any CPU
		{1C3CA6C9-29C5-4797-BB5D-ADA607E8B87C}.Debug|Any CPU.Build.0 = Debug|Any CPU
		{1C3CA6C9-29C5-4797-BB5D-ADA607E8B87C}.Release|Any CPU.ActiveCfg = Release|Any CPU
		{1C3CA6C9-29C5-4797-BB5D-ADA607E8B87C}.Release|Any CPU.Build.0 = Release|Any CPU
	EndGlobalSection
	GlobalSection(SolutionProperties) = preSolution
		HideSolutionNode = FALSE
	EndGlobalSection
	GlobalSection(ExtensibilityGlobals) = postSolution
		SolutionGuid = {F9DDDFC8-AE92-4D1F-9684-7D0AA950B54D}
	EndGlobalSection
EndGlobal
